
Microsoft Visual Studio Solution File, Format Version 12.00
# Visual Studio Version 16
VisualStudioVersion = 25.0.1706.7
MinimumVisualStudioVersion = 10.0.40219.1
Project("{FAE04EC0-301F-11D3-BF4B-00C04F79EFBC}") = "SystemLosowaniaUcznia", "SystemLosowaniaUcznia\SystemLosowaniaUcznia.csproj", "{24A1292F-88E5-418B-8D3B-099680BD27CC}"
EndProject
Global
	GlobalSection(SolutionConfigurationPlatforms) = preSolution
		Debug|Any CPU = Debug|Any CPU
		Release|Any CPU = Release|Any CPU
	EndGlobalSection
	GlobalSection(ProjectConfigurationPlatforms) = postSolution
		{24A1292F-88E5-418B-8D3B-099680BD27CC}.Debug|Any CPU.ActiveCfg = Debug|Any CPU
		{24A1292F-88E5-418B-8D3B-099680BD27CC}.Debug|Any CPU.Build.0 = Debug|Any CPU
		{24A1292F-88E5-418B-8D3B-099680BD27CC}.Release|Any CPU.ActiveCfg = Release|Any CPU
		{24A1292F-88E5-418B-8D3B-099680BD27CC}.Release|Any CPU.Build.0 = Release|Any CPU
	EndGlobalSection
	GlobalSection(SolutionProperties) = preSolution
		HideSolutionNode = FALSE
	EndGlobalSection
	GlobalSection(ExtensibilityGlobals) = postSolution
		SolutionGuid = {2EE66456-4355-48FD-9146-D6833EC4C933}
	EndGlobalSection
EndGlobal
