
Microsoft Visual Studio Solution File, Format Version 12.00
# Visual Studio Version 17
VisualStudioVersion = 17.5.002.0
MinimumVisualStudioVersion = 10.0.40219.1
Project("{9A19103F-16F7-4668-BE54-9A1E7A4F7556}") = "CollectionManagementSystem", "CollectionManagementSystem.csproj", "{C42D5DE4-2D4F-4BB4-A92E-175C7C08F683}"
EndProject
Global
	GlobalSection(SolutionConfigurationPlatforms) = preSolution
		Debug|Any CPU = Debug|Any CPU
		Release|Any CPU = Release|Any CPU
	EndGlobalSection
	GlobalSection(ProjectConfigurationPlatforms) = postSolution
		{C42D5DE4-2D4F-4BB4-A92E-175C7C08F683}.Debug|Any CPU.ActiveCfg = Debug|Any CPU
		{C42D5DE4-2D4F-4BB4-A92E-175C7C08F683}.Debug|Any CPU.Build.0 = Debug|Any CPU
		{C42D5DE4-2D4F-4BB4-A92E-175C7C08F683}.Release|Any CPU.ActiveCfg = Release|Any CPU
		{C42D5DE4-2D4F-4BB4-A92E-175C7C08F683}.Release|Any CPU.Build.0 = Release|Any CPU
	EndGlobalSection
	GlobalSection(SolutionProperties) = preSolution
		HideSolutionNode = FALSE
	EndGlobalSection
	GlobalSection(ExtensibilityGlobals) = postSolution
		SolutionGuid = {798DD49E-1C28-48C3-8923-272913B4966C}
	EndGlobalSection
EndGlobal
